# THIS IS AN AUTOGENERATED FILE. DO NOT EDIT THIS FILE DIRECTLY.
# yarn lockfile v1


"@openzeppelin/contracts@^4.7.2":
  version "4.7.2"
  resolved "https://registry.yarnpkg.com/@openzeppelin/contracts/-/contracts-4.7.2.tgz#7587416fe2d35abf574193515b8971bfe9f64bc7"
  integrity sha512-4n/JL9izql8303mPqPdubuna/DWEMbmOzWYUWyCPhjhiEr2w3nQrjE7vZz1fBF+wzzP6dZbIcsgqACk53c9FGA==
